
Microsoft Visual Studio Solution File, Format Version 12.00
# Visual Studio Version 17
VisualStudioVersion = 17.3.32825.248
MinimumVisualStudioVersion = 10.0.40219.1
Project("{FAE04EC0-301F-11D3-BF4B-00C04F79EFBC}") = "Harjoitukset_Osa4", "Harjoitukset_Osa4\Harjoitukset_Osa4.csproj", "{11B990D3-91B8-4C25-824C-1F6A1CEA4994}"
EndProject
Global
	GlobalSection(SolutionConfigurationPlatforms) = preSolution
		Debug|Any CPU = Debug|Any CPU
		Release|Any CPU = Release|Any CPU
	EndGlobalSection
	GlobalSection(ProjectConfigurationPlatforms) = postSolution
		{11B990D3-91B8-4C25-824C-1F6A1CEA4994}.Debug|Any CPU.ActiveCfg = Debug|Any CPU
		{11B990D3-91B8-4C25-824C-1F6A1CEA4994}.Debug|Any CPU.Build.0 = Debug|Any CPU
		{11B990D3-91B8-4C25-824C-1F6A1CEA4994}.Release|Any CPU.ActiveCfg = Release|Any CPU
		{11B990D3-91B8-4C25-824C-1F6A1CEA4994}.Release|Any CPU.Build.0 = Release|Any CPU
	EndGlobalSection
	GlobalSection(SolutionProperties) = preSolution
		HideSolutionNode = FALSE
	EndGlobalSection
	GlobalSection(ExtensibilityGlobals) = postSolution
		SolutionGuid = {A94EF92C-AF0B-4D80-903C-5669ECF6B87D}
	EndGlobalSection
EndGlobal
